
Microsoft Visual Studio Solution File, Format Version 12.00
# Visual Studio Version 16
VisualStudioVersion = 16.0.31624.102
MinimumVisualStudioVersion = 10.0.40219.1
Project("{FAE04EC0-301F-11D3-BF4B-00C04F79EFBC}") = "MultiDimensionalArrays2", "MultiDimensionalArrays2\MultiDimensionalArrays2.csproj", "{BE823613-1200-48B9-860E-EFBF6C0948A0}"
EndProject
Global
	GlobalSection(SolutionConfigurationPlatforms) = preSolution
		Debug|Any CPU = Debug|Any CPU
		Release|Any CPU = Release|Any CPU
	EndGlobalSection
	GlobalSection(ProjectConfigurationPlatforms) = postSolution
		{BE823613-1200-48B9-860E-EFBF6C0948A0}.Debug|Any CPU.ActiveCfg = Debug|Any CPU
		{BE823613-1200-48B9-860E-EFBF6C0948A0}.Debug|Any CPU.Build.0 = Debug|Any CPU
		{BE823613-1200-48B9-860E-EFBF6C0948A0}.Release|Any CPU.ActiveCfg = Release|Any CPU
		{BE823613-1200-48B9-860E-EFBF6C0948A0}.Release|Any CPU.Build.0 = Release|Any CPU
	EndGlobalSection
	GlobalSection(SolutionProperties) = preSolution
		HideSolutionNode = FALSE
	EndGlobalSection
	GlobalSection(ExtensibilityGlobals) = postSolution
		SolutionGuid = {23E829C6-8BD5-468F-908E-3249BC38C4B4}
	EndGlobalSection
EndGlobal
